
Microsoft Visual Studio Solution File, Format Version 12.00
# Visual Studio Version 17
VisualStudioVersion = 17.10.34916.146
MinimumVisualStudioVersion = 10.0.40219.1
Project("{FAE04EC0-301F-11D3-BF4B-00C04F79EFBC}") = "HW_NP_6.3", "HW_NP_6.3.csproj", "{273D67FC-3C28-41CF-8649-C542CD1865FA}"
EndProject
Global
	GlobalSection(SolutionConfigurationPlatforms) = preSolution
		Debug|Any CPU = Debug|Any CPU
		Release|Any CPU = Release|Any CPU
	EndGlobalSection
	GlobalSection(ProjectConfigurationPlatforms) = postSolution
		{273D67FC-3C28-41CF-8649-C542CD1865FA}.Debug|Any CPU.ActiveCfg = Debug|Any CPU
		{273D67FC-3C28-41CF-8649-C542CD1865FA}.Debug|Any CPU.Build.0 = Debug|Any CPU
		{273D67FC-3C28-41CF-8649-C542CD1865FA}.Release|Any CPU.ActiveCfg = Release|Any CPU
		{273D67FC-3C28-41CF-8649-C542CD1865FA}.Release|Any CPU.Build.0 = Release|Any CPU
	EndGlobalSection
	GlobalSection(SolutionProperties) = preSolution
		HideSolutionNode = FALSE
	EndGlobalSection
	GlobalSection(ExtensibilityGlobals) = postSolution
		SolutionGuid = {B6E949B6-E0ED-4290-918F-DF99997F1E4C}
	EndGlobalSection
EndGlobal
